
Microsoft Visual Studio Solution File, Format Version 12.00
# Visual Studio Version 17
VisualStudioVersion = 17.0.31521.260
MinimumVisualStudioVersion = 10.0.40219.1
Project("{2150E333-8FDC-42A3-9474-1A3956D46DE8}") = "Services", "Services", "{DB1E2CE3-3DB7-4518-AF71-ED033BFA1686}"
EndProject
Project("{2150E333-8FDC-42A3-9474-1A3956D46DE8}") = "Catalog", "Catalog", "{AD8DAF26-4066-4A1A-A0AA-6FEA6CC9D8AA}"
EndProject
Project("{9A19103F-16F7-4668-BE54-9A1E7A4F7556}") = "Catalog.API", "Services\Catalog\Catalog.API\Catalog.API.csproj", "{692C5D21-9F15-4531-8F8A-4E5DEE0DC242}"
EndProject
Project("{E53339B2-1760-4266-BCC7-CA923CBCF16C}") = "docker-compose", "docker-compose.dcproj", "{A4ED43FA-5EE6-41CC-9DB6-02F0C372151C}"
EndProject
Project("{2150E333-8FDC-42A3-9474-1A3956D46DE8}") = "Basket", "Basket", "{79E8D8BE-4AF5-43E4-8BC9-6C6F95CF5FC4}"
EndProject
Project("{9A19103F-16F7-4668-BE54-9A1E7A4F7556}") = "Basket.API", "Services\Basket\Basket.API\Basket.API.csproj", "{F63FDEB8-EE28-42D9-AD71-12A55533100B}"
EndProject
Project("{2150E333-8FDC-42A3-9474-1A3956D46DE8}") = "Discount", "Discount", "{7D1EBB09-26BF-4C21-8711-C7F813EF1F0C}"
EndProject
Project("{9A19103F-16F7-4668-BE54-9A1E7A4F7556}") = "Discount.API", "Services\Discount\Discount.API\Discount.API.csproj", "{3D11D12D-0CF1-4F72-BAF1-6B7C5A649877}"
EndProject
Project("{9A19103F-16F7-4668-BE54-9A1E7A4F7556}") = "Discount.Grpc", "Services\Discount\Discount.Grpc\Discount.Grpc.csproj", "{A2FE8566-9EFF-4682-980E-2855F3B82F03}"
EndProject
Project("{2150E333-8FDC-42A3-9474-1A3956D46DE8}") = "Ordering", "Ordering", "{6E6BBE68-6FFE-4153-BC7C-7A0014033623}"
EndProject
Project("{9A19103F-16F7-4668-BE54-9A1E7A4F7556}") = "Ordering.API", "Services\Ordering\Ordering.API\Ordering.API.csproj", "{09E515F5-F8D4-47A7-AD24-46ADF781E8F8}"
EndProject
Project("{9A19103F-16F7-4668-BE54-9A1E7A4F7556}") = "Ordering.Domain", "Services\Ordering\Ordering.Domain\Ordering.Domain.csproj", "{0FDE0490-217B-4AEB-AD3E-8A0B3171CD69}"
EndProject
Project("{9A19103F-16F7-4668-BE54-9A1E7A4F7556}") = "Ordering.Application", "Services\Ordering\Ordering.Application\Ordering.Application.csproj", "{CE821D31-D2EC-4DA9-9CB4-EFB1325DD5BD}"
EndProject
Project("{9A19103F-16F7-4668-BE54-9A1E7A4F7556}") = "Ordering.Infrastructure", "Services\Ordering\Ordering.Infrastructure\Ordering.Infrastructure.csproj", "{E159A751-6A8E-4164-B3BC-5711769DB9F8}"
EndProject
Project("{2150E333-8FDC-42A3-9474-1A3956D46DE8}") = "BuildingBlocks", "BuildingBlocks", "{58E91A1B-54C9-464A-A1A4-82D13AD2B421}"
EndProject
Project("{9A19103F-16F7-4668-BE54-9A1E7A4F7556}") = "EventBus.Messages", "BuildingBlocks\EventBus.Messages\EventBus.Messages.csproj", "{14BE90D4-B7E1-42AB-B282-F234830F528B}"
EndProject
Project("{2150E333-8FDC-42A3-9474-1A3956D46DE8}") = "APIGatways", "APIGatways", "{D5B4FD2A-2782-4ABF-AF2C-29A25DF42203}"
EndProject
Project("{9A19103F-16F7-4668-BE54-9A1E7A4F7556}") = "OcelotAPIGw", "APIGatways\OcelotAPIGw\OcelotAPIGw.csproj", "{202001AE-005B-4B08-BEA4-59C7330F26E6}"
EndProject
Project("{9A19103F-16F7-4668-BE54-9A1E7A4F7556}") = "Shopping.Aggregator", "APIGatways\Shopping.Aggregator\Shopping.Aggregator.csproj", "{AA480842-529F-45ED-9929-925EC9AD440E}"
EndProject
Project("{9A19103F-16F7-4668-BE54-9A1E7A4F7556}") = "Common.Logging", "BuildingBlocks\Common.Logging\Common.Logging.csproj", "{FC5C30B8-049B-40E9-9148-469C5E3DB487}"
EndProject
Project("{2150E333-8FDC-42A3-9474-1A3956D46DE8}") = "WebApps", "WebApps", "{8D8A0002-5BA5-4139-9550-AF1810A9E29B}"
EndProject
Project("{9A19103F-16F7-4668-BE54-9A1E7A4F7556}") = "AspnetRunBasics", "WebApps\AspnetRunBasics\AspnetRunBasics.csproj", "{3819817C-DD30-4C2C-8F42-E16F049C2E2C}"
EndProject
Project("{9A19103F-16F7-4668-BE54-9A1E7A4F7556}") = "AspnetRunBasicBlazor", "WebApps\AspnetRunBasicBlazor\AspnetRunBasicBlazor.csproj", "{4E0C3CB1-6D1B-479E-B9D2-C95FEE932307}"
EndProject
Project("{9A19103F-16F7-4668-BE54-9A1E7A4F7556}") = "WebStatus", "WebApps\WebStatus\WebStatus.csproj", "{D5812CF5-951F-4E95-9BDD-8181B2AEF1FB}"
EndProject
Global
	GlobalSection(SolutionConfigurationPlatforms) = preSolution
		Debug|Any CPU = Debug|Any CPU
		Release|Any CPU = Release|Any CPU
	EndGlobalSection
	GlobalSection(ProjectConfigurationPlatforms) = postSolution
		{692C5D21-9F15-4531-8F8A-4E5DEE0DC242}.Debug|Any CPU.ActiveCfg = Debug|Any CPU
		{692C5D21-9F15-4531-8F8A-4E5DEE0DC242}.Debug|Any CPU.Build.0 = Debug|Any CPU
		{692C5D21-9F15-4531-8F8A-4E5DEE0DC242}.Release|Any CPU.ActiveCfg = Release|Any CPU
		{692C5D21-9F15-4531-8F8A-4E5DEE0DC242}.Release|Any CPU.Build.0 = Release|Any CPU
		{A4ED43FA-5EE6-41CC-9DB6-02F0C372151C}.Debug|Any CPU.ActiveCfg = Debug|Any CPU
		{A4ED43FA-5EE6-41CC-9DB6-02F0C372151C}.Debug|Any CPU.Build.0 = Debug|Any CPU
		{A4ED43FA-5EE6-41CC-9DB6-02F0C372151C}.Release|Any CPU.ActiveCfg = Release|Any CPU
		{A4ED43FA-5EE6-41CC-9DB6-02F0C372151C}.Release|Any CPU.Build.0 = Release|Any CPU
		{F63FDEB8-EE28-42D9-AD71-12A55533100B}.Debug|Any CPU.ActiveCfg = Debug|Any CPU
		{F63FDEB8-EE28-42D9-AD71-12A55533100B}.Debug|Any CPU.Build.0 = Debug|Any CPU
		{F63FDEB8-EE28-42D9-AD71-12A55533100B}.Release|Any CPU.ActiveCfg = Release|Any CPU
		{F63FDEB8-EE28-42D9-AD71-12A55533100B}.Release|Any CPU.Build.0 = Release|Any CPU
		{3D11D12D-0CF1-4F72-BAF1-6B7C5A649877}.Debug|Any CPU.ActiveCfg = Debug|Any CPU
		{3D11D12D-0CF1-4F72-BAF1-6B7C5A649877}.Debug|Any CPU.Build.0 = Debug|Any CPU
		{3D11D12D-0CF1-4F72-BAF1-6B7C5A649877}.Release|Any CPU.ActiveCfg = Release|Any CPU
		{3D11D12D-0CF1-4F72-BAF1-6B7C5A649877}.Release|Any CPU.Build.0 = Release|Any CPU
		{A2FE8566-9EFF-4682-980E-2855F3B82F03}.Debug|Any CPU.ActiveCfg = Debug|Any CPU
		{A2FE8566-9EFF-4682-980E-2855F3B82F03}.Debug|Any CPU.Build.0 = Debug|Any CPU
		{A2FE8566-9EFF-4682-980E-2855F3B82F03}.Release|Any CPU.ActiveCfg = Release|Any CPU
		{A2FE8566-9EFF-4682-980E-2855F3B82F03}.Release|Any CPU.Build.0 = Release|Any CPU
		{09E515F5-F8D4-47A7-AD24-46ADF781E8F8}.Debug|Any CPU.ActiveCfg = Debug|Any CPU
		{09E515F5-F8D4-47A7-AD24-46ADF781E8F8}.Debug|Any CPU.Build.0 = Debug|Any CPU
		{09E515F5-F8D4-47A7-AD24-46ADF781E8F8}.Release|Any CPU.ActiveCfg = Release|Any CPU
		{09E515F5-F8D4-47A7-AD24-46ADF781E8F8}.Release|Any CPU.Build.0 = Release|Any CPU
		{0FDE0490-217B-4AEB-AD3E-8A0B3171CD69}.Debug|Any CPU.ActiveCfg = Debug|Any CPU
		{0FDE0490-217B-4AEB-AD3E-8A0B3171CD69}.Debug|Any CPU.Build.0 = Debug|Any CPU
		{0FDE0490-217B-4AEB-AD3E-8A0B3171CD69}.Release|Any CPU.ActiveCfg = Release|Any CPU
		{0FDE0490-217B-4AEB-AD3E-8A0B3171CD69}.Release|Any CPU.Build.0 = Release|Any CPU
		{CE821D31-D2EC-4DA9-9CB4-EFB1325DD5BD}.Debug|Any CPU.ActiveCfg = Debug|Any CPU
		{CE821D31-D2EC-4DA9-9CB4-EFB1325DD5BD}.Debug|Any CPU.Build.0 = Debug|Any CPU
		{CE821D31-D2EC-4DA9-9CB4-EFB1325DD5BD}.Release|Any CPU.ActiveCfg = Release|Any CPU
		{CE821D31-D2EC-4DA9-9CB4-EFB1325DD5BD}.Release|Any CPU.Build.0 = Release|Any CPU
		{E159A751-6A8E-4164-B3BC-5711769DB9F8}.Debug|Any CPU.ActiveCfg = Debug|Any CPU
		{E159A751-6A8E-4164-B3BC-5711769DB9F8}.Debug|Any CPU.Build.0 = Debug|Any CPU
		{E159A751-6A8E-4164-B3BC-5711769DB9F8}.Release|Any CPU.ActiveCfg = Release|Any CPU
		{E159A751-6A8E-4164-B3BC-5711769DB9F8}.Release|Any CPU.Build.0 = Release|Any CPU
		{14BE90D4-B7E1-42AB-B282-F234830F528B}.Debug|Any CPU.ActiveCfg = Debug|Any CPU
		{14BE90D4-B7E1-42AB-B282-F234830F528B}.Debug|Any CPU.Build.0 = Debug|Any CPU
		{14BE90D4-B7E1-42AB-B282-F234830F528B}.Release|Any CPU.ActiveCfg = Release|Any CPU
		{14BE90D4-B7E1-42AB-B282-F234830F528B}.Release|Any CPU.Build.0 = Release|Any CPU
		{202001AE-005B-4B08-BEA4-59C7330F26E6}.Debug|Any CPU.ActiveCfg = Debug|Any CPU
		{202001AE-005B-4B08-BEA4-59C7330F26E6}.Debug|Any CPU.Build.0 = Debug|Any CPU
		{202001AE-005B-4B08-BEA4-59C7330F26E6}.Release|Any CPU.ActiveCfg = Release|Any CPU
		{202001AE-005B-4B08-BEA4-59C7330F26E6}.Release|Any CPU.Build.0 = Release|Any CPU
		{AA480842-529F-45ED-9929-925EC9AD440E}.Debug|Any CPU.ActiveCfg = Debug|Any CPU
		{AA480842-529F-45ED-9929-925EC9AD440E}.Debug|Any CPU.Build.0 = Debug|Any CPU
		{AA480842-529F-45ED-9929-925EC9AD440E}.Release|Any CPU.ActiveCfg = Release|Any CPU
		{AA480842-529F-45ED-9929-925EC9AD440E}.Release|Any CPU.Build.0 = Release|Any CPU
		{FC5C30B8-049B-40E9-9148-469C5E3DB487}.Debug|Any CPU.ActiveCfg = Debug|Any CPU
		{FC5C30B8-049B-40E9-9148-469C5E3DB487}.Debug|Any CPU.Build.0 = Debug|Any CPU
		{FC5C30B8-049B-40E9-9148-469C5E3DB487}.Release|Any CPU.ActiveCfg = Release|Any CPU
		{FC5C30B8-049B-40E9-9148-469C5E3DB487}.Release|Any CPU.Build.0 = Release|Any CPU
		{3819817C-DD30-4C2C-8F42-E16F049C2E2C}.Debug|Any CPU.ActiveCfg = Debug|Any CPU
		{3819817C-DD30-4C2C-8F42-E16F049C2E2C}.Debug|Any CPU.Build.0 = Debug|Any CPU
		{3819817C-DD30-4C2C-8F42-E16F049C2E2C}.Release|Any CPU.ActiveCfg = Release|Any CPU
		{3819817C-DD30-4C2C-8F42-E16F049C2E2C}.Release|Any CPU.Build.0 = Release|Any CPU
		{4E0C3CB1-6D1B-479E-B9D2-C95FEE932307}.Debug|Any CPU.ActiveCfg = Debug|Any CPU
		{4E0C3CB1-6D1B-479E-B9D2-C95FEE932307}.Debug|Any CPU.Build.0 = Debug|Any CPU
		{4E0C3CB1-6D1B-479E-B9D2-C95FEE932307}.Release|Any CPU.ActiveCfg = Release|Any CPU
		{4E0C3CB1-6D1B-479E-B9D2-C95FEE932307}.Release|Any CPU.Build.0 = Release|Any CPU
		{D5812CF5-951F-4E95-9BDD-8181B2AEF1FB}.Debug|Any CPU.ActiveCfg = Debug|Any CPU
		{D5812CF5-951F-4E95-9BDD-8181B2AEF1FB}.Debug|Any CPU.Build.0 = Debug|Any CPU
		{D5812CF5-951F-4E95-9BDD-8181B2AEF1FB}.Release|Any CPU.ActiveCfg = Release|Any CPU
		{D5812CF5-951F-4E95-9BDD-8181B2AEF1FB}.Release|Any CPU.Build.0 = Release|Any CPU
	EndGlobalSection
	GlobalSection(SolutionProperties) = preSolution
		HideSolutionNode = FALSE
	EndGlobalSection
	GlobalSection(NestedProjects) = preSolution
		{AD8DAF26-4066-4A1A-A0AA-6FEA6CC9D8AA} = {DB1E2CE3-3DB7-4518-AF71-ED033BFA1686}
		{692C5D21-9F15-4531-8F8A-4E5DEE0DC242} = {AD8DAF26-4066-4A1A-A0AA-6FEA6CC9D8AA}
		{79E8D8BE-4AF5-43E4-8BC9-6C6F95CF5FC4} = {DB1E2CE3-3DB7-4518-AF71-ED033BFA1686}
		{F63FDEB8-EE28-42D9-AD71-12A55533100B} = {79E8D8BE-4AF5-43E4-8BC9-6C6F95CF5FC4}
		{7D1EBB09-26BF-4C21-8711-C7F813EF1F0C} = {DB1E2CE3-3DB7-4518-AF71-ED033BFA1686}
		{3D11D12D-0CF1-4F72-BAF1-6B7C5A649877} = {7D1EBB09-26BF-4C21-8711-C7F813EF1F0C}
		{A2FE8566-9EFF-4682-980E-2855F3B82F03} = {7D1EBB09-26BF-4C21-8711-C7F813EF1F0C}
		{6E6BBE68-6FFE-4153-BC7C-7A0014033623} = {DB1E2CE3-3DB7-4518-AF71-ED033BFA1686}
		{09E515F5-F8D4-47A7-AD24-46ADF781E8F8} = {6E6BBE68-6FFE-4153-BC7C-7A0014033623}
		{0FDE0490-217B-4AEB-AD3E-8A0B3171CD69} = {6E6BBE68-6FFE-4153-BC7C-7A0014033623}
		{CE821D31-D2EC-4DA9-9CB4-EFB1325DD5BD} = {6E6BBE68-6FFE-4153-BC7C-7A0014033623}
		{E159A751-6A8E-4164-B3BC-5711769DB9F8} = {6E6BBE68-6FFE-4153-BC7C-7A0014033623}
		{14BE90D4-B7E1-42AB-B282-F234830F528B} = {58E91A1B-54C9-464A-A1A4-82D13AD2B421}
		{202001AE-005B-4B08-BEA4-59C7330F26E6} = {D5B4FD2A-2782-4ABF-AF2C-29A25DF42203}
		{AA480842-529F-45ED-9929-925EC9AD440E} = {D5B4FD2A-2782-4ABF-AF2C-29A25DF42203}
		{FC5C30B8-049B-40E9-9148-469C5E3DB487} = {58E91A1B-54C9-464A-A1A4-82D13AD2B421}
		{3819817C-DD30-4C2C-8F42-E16F049C2E2C} = {8D8A0002-5BA5-4139-9550-AF1810A9E29B}
		{4E0C3CB1-6D1B-479E-B9D2-C95FEE932307} = {8D8A0002-5BA5-4139-9550-AF1810A9E29B}
		{D5812CF5-951F-4E95-9BDD-8181B2AEF1FB} = {8D8A0002-5BA5-4139-9550-AF1810A9E29B}
	EndGlobalSection
	GlobalSection(ExtensibilityGlobals) = postSolution
		SolutionGuid = {B0073AA1-28DE-47F6-8C24-9E53A8EF81DB}
	EndGlobalSection
EndGlobal
